
Microsoft Visual Studio Solution File, Format Version 12.00
# Visual Studio Version 17
VisualStudioVersion = 17.0.31903.59
MinimumVisualStudioVersion = 10.0.40219.1
Project("{FAE04EC0-301F-11D3-BF4B-00C04F79EFBC}") = "END2ENDTester", "..\END2ENDTester\END2ENDTester.csproj", "{4F825851-3661-4158-9380-F7BA2E468250}"
EndProject
Project("{FAE04EC0-301F-11D3-BF4B-00C04F79EFBC}") = "server", "server\server.csproj", "{6CFB592D-87BD-48FE-9A90-8840CD3713EF}"
EndProject
Project("{FAE04EC0-301F-11D3-BF4B-00C04F79EFBC}") = "XUnitTest", "..\XUnitTest\XUnitTest.csproj", "{32364A82-14CE-4E8F-BD1A-77ADC753D8F1}"
EndProject
Global
	GlobalSection(SolutionConfigurationPlatforms) = preSolution
		Debug|Any CPU = Debug|Any CPU
		Release|Any CPU = Release|Any CPU
	EndGlobalSection
	GlobalSection(SolutionProperties) = preSolution
		HideSolutionNode = FALSE
	EndGlobalSection
	GlobalSection(ProjectConfigurationPlatforms) = postSolution
		{4F825851-3661-4158-9380-F7BA2E468250}.Debug|Any CPU.ActiveCfg = Debug|Any CPU
		{4F825851-3661-4158-9380-F7BA2E468250}.Debug|Any CPU.Build.0 = Debug|Any CPU
		{4F825851-3661-4158-9380-F7BA2E468250}.Release|Any CPU.ActiveCfg = Release|Any CPU
		{4F825851-3661-4158-9380-F7BA2E468250}.Release|Any CPU.Build.0 = Release|Any CPU
		{6CFB592D-87BD-48FE-9A90-8840CD3713EF}.Debug|Any CPU.ActiveCfg = Debug|Any CPU
		{6CFB592D-87BD-48FE-9A90-8840CD3713EF}.Debug|Any CPU.Build.0 = Debug|Any CPU
		{6CFB592D-87BD-48FE-9A90-8840CD3713EF}.Release|Any CPU.ActiveCfg = Release|Any CPU
		{6CFB592D-87BD-48FE-9A90-8840CD3713EF}.Release|Any CPU.Build.0 = Release|Any CPU
		{32364A82-14CE-4E8F-BD1A-77ADC753D8F1}.Debug|Any CPU.ActiveCfg = Debug|Any CPU
		{32364A82-14CE-4E8F-BD1A-77ADC753D8F1}.Debug|Any CPU.Build.0 = Debug|Any CPU
		{32364A82-14CE-4E8F-BD1A-77ADC753D8F1}.Release|Any CPU.ActiveCfg = Release|Any CPU
		{32364A82-14CE-4E8F-BD1A-77ADC753D8F1}.Release|Any CPU.Build.0 = Release|Any CPU
	EndGlobalSection
EndGlobal
